// !$*UTF8*$!
{
	archiveVersion = 1;
	classes = {
	};
	objectVersion = 77;
	objects = {

/* Begin PBXBuildFile section */
		C32E9DFA2F71BA8400EA20DB /* ContentView.swift in Sources */ = {isa = PBXBuildFile; fileRef = C32E9DF92F71BA8400EA20DB /* ContentView.swift */; };
		C32E9E0D2F71C1D200EA20DB /* FirebaseAuth in Frameworks */ = {isa = PBXBuildFile; productRef = C32E9E0C2F71C1D200EA20DB /* FirebaseAuth */; };
		C32E9E0F2F71C1D200EA20DB /* FirebaseFirestore in Frameworks */ = {isa = PBXBuildFile; productRef = C32E9E0E2F71C1D200EA20DB /* FirebaseFirestore */; };
		C32E9E182F71C60400EA20DB /* LoginView.swift in Sources */ = {isa = PBXBuildFile; fileRef = C32E9E172F71C60400EA20DB /* LoginView.swift */; };
		C32E9E1A2F71C7FE00EA20DB /* AuthService.swift in Sources */ = {isa = PBXBuildFile; fileRef = C32E9E192F71C7FE00EA20DB /* AuthService.swift */; };
		C32E9E1C2F71C83F00EA20DB /* AuthViewModel.swift in Sources */ = {isa = PBXBuildFile; fileRef = C32E9E1B2F71C83F00EA20DB /* AuthViewModel.swift */; };
		C32E9E1E2F71D10A00EA20DB /* DashboardView.swift in Sources */ = {isa = PBXBuildFile; fileRef = C32E9E1D2F71D10A00EA20DB /* DashboardView.swift */; };
		C32E9E202F71D31C00EA20DB /* Currency.swift in Sources */ = {isa = PBXBuildFile; fileRef = C32E9E1F2F71D31C00EA20DB /* Currency.swift */; };
		C32E9E222F71D39F00EA20DB /* MarketDataService.swift in Sources */ = {isa = PBXBuildFile; fileRef = C32E9E212F71D39F00EA20DB /* MarketDataService.swift */; };
		C32E9E242F71D46000EA20DB /* MarketViewModel.swift in Sources */ = {isa = PBXBuildFile; fileRef = C32E9E232F71D46000EA20DB /* MarketViewModel.swift */; };
		C32E9E262F71D97300EA20DB /* PortfolioService.swift in Sources */ = {isa = PBXBuildFile; fileRef = C32E9E252F71D97300EA20DB /* PortfolioService.swift */; };
		C32E9E282F71D9A400EA20DB /* PortfolioViewModel.swift in Sources */ = {isa = PBXBuildFile; fileRef = C32E9E272F71D9A400EA20DB /* PortfolioViewModel.swift */; };
		C32E9E2A2F71DCAA00EA20DB /* TradeView.swift in Sources */ = {isa = PBXBuildFile; fileRef = C32E9E292F71DCAA00EA20DB /* TradeView.swift */; };
		C368061E2F916D70005ED9C2 /* Secrets.swift in Sources */ = {isa = PBXBuildFile; fileRef = C368061D2F916D70005ED9C2 /* Secrets.swift */; };
		C39C7C4A2F8D673A0016E358 /* DepositView.swift in Sources */ = {isa = PBXBuildFile; fileRef = C39C7C492F8D673A0016E358 /* DepositView.swift */; };
		C3C134412F7FD55C0077124A /* CalculatorView.swift in Sources */ = {isa = PBXBuildFile; fileRef = C3C134402F7FD55C0077124A /* CalculatorView.swift */; };
		C3C134432F7FD57F0077124A /* MainTabView.swift in Sources */ = {isa = PBXBuildFile; fileRef = C3C134422F7FD57F0077124A /* MainTabView.swift */; };
		C3C134452F7FD70D0077124A /* CalculatorViewModel.swift in Sources */ = {isa = PBXBuildFile; fileRef = C3C134442F7FD70D0077124A /* CalculatorViewModel.swift */; };
		C3C134472F7FDFFB0077124A /* SplashView.swift in Sources */ = {isa = PBXBuildFile; fileRef = C3C134462F7FDFFB0077124A /* SplashView.swift */; };
		C3C134492F7FE3760077124A /* HomeView.swift in Sources */ = {isa = PBXBuildFile; fileRef = C3C134482F7FE3760077124A /* HomeView.swift */; };
		C3C1344B2F7FE3CE0077124A /* PreciousMetalsView.swift in Sources */ = {isa = PBXBuildFile; fileRef = C3C1344A2F7FE3CE0077124A /* PreciousMetalsView.swift */; };
/* End PBXBuildFile section */

/* Begin PBXFileReference section */
		C32E9DF92F71BA8400EA20DB /* ContentView.swift */ = {isa = PBXFileReference; lastKnownFileType = sourcecode.swift; path = ContentView.swift; sourceTree = "<group>"; };
		C32E9E102F71C52800EA20DB /* FinancialApp.app */ = {isa = PBXFileReference; explicitFileType = wrapper.application; includeInIndex = 0; path = FinancialApp.app; sourceTree = BUILT_PRODUCTS_DIR; };
		C32E9E172F71C60400EA20DB /* LoginView.swift */ = {isa = PBXFileReference; lastKnownFileType = sourcecode.swift; path = LoginView.swift; sourceTree = "<group>"; };
		C32E9E192F71C7FE00EA20DB /* AuthService.swift */ = {isa = PBXFileReference; lastKnownFileType = sourcecode.swift; path = AuthService.swift; sourceTree = "<group>"; };
		C32E9E1B2F71C83F00EA20DB /* AuthViewModel.swift */ = {isa = PBXFileReference; lastKnownFileType = sourcecode.swift; path = AuthViewModel.swift; sourceTree = "<group>"; };
		C32E9E1D2F71D10A00EA20DB /* DashboardView.swift */ = {isa = PBXFileReference; lastKnownFileType = sourcecode.swift; path = DashboardView.swift; sourceTree = "<group>"; };
		C32E9E1F2F71D31C00EA20DB /* Currency.swift */ = {isa = PBXFileReference; lastKnownFileType = sourcecode.swift; path = Currency.swift; sourceTree = "<group>"; };
		C32E9E212F71D39F00EA20DB /* MarketDataService.swift */ = {isa = PBXFileReference; lastKnownFileType = sourcecode.swift; path = MarketDataService.swift; sourceTree = "<group>"; };
		C32E9E232F71D46000EA20DB /* MarketViewModel.swift */ = {isa = PBXFileReference; lastKnownFileType = sourcecode.swift; path = MarketViewModel.swift; sourceTree = "<group>"; };
		C32E9E252F71D97300EA20DB /* PortfolioService.swift */ = {isa = PBXFileReference; lastKnownFileType = sourcecode.swift; path = PortfolioService.swift; sourceTree = "<group>"; };
		C32E9E272F71D9A400EA20DB /* PortfolioViewModel.swift */ = {isa = PBXFileReference; lastKnownFileType = sourcecode.swift; path = PortfolioViewModel.swift; sourceTree = "<group>"; };
		C32E9E292F71DCAA00EA20DB /* TradeView.swift */ = {isa = PBXFileReference; lastKnownFileType = sourcecode.swift; path = TradeView.swift; sourceTree = "<group>"; };
		C368061D2F916D70005ED9C2 /* Secrets.swift */ = {isa = PBXFileReference; lastKnownFileType = sourcecode.swift; path = Secrets.swift; sourceTree = "<group>"; };
		C39C7C492F8D673A0016E358 /* DepositView.swift */ = {isa = PBXFileReference; lastKnownFileType = sourcecode.swift; path = DepositView.swift; sourceTree = "<group>"; };
		C3C134402F7FD55C0077124A /* CalculatorView.swift */ = {isa = PBXFileReference; lastKnownFileType = sourcecode.swift; path = CalculatorView.swift; sourceTree = "<group>"; };
		C3C134422F7FD57F0077124A /* MainTabView.swift */ = {isa = PBXFileReference; lastKnownFileType = sourcecode.swift; path = MainTabView.swift; sourceTree = "<group>"; };
		C3C134442F7FD70D0077124A /* CalculatorViewModel.swift */ = {isa = PBXFileReference; lastKnownFileType = sourcecode.swift; path = CalculatorViewModel.swift; sourceTree = "<group>"; };
		C3C134462F7FDFFB0077124A /* SplashView.swift */ = {isa = PBXFileReference; lastKnownFileType = sourcecode.swift; path = SplashView.swift; sourceTree = "<group>"; };
		C3C134482F7FE3760077124A /* HomeView.swift */ = {isa = PBXFileReference; lastKnownFileType = sourcecode.swift; path = HomeView.swift; sourceTree = "<group>"; };
		C3C1344A2F7FE3CE0077124A /* PreciousMetalsView.swift */ = {isa = PBXFileReference; lastKnownFileType = sourcecode.swift; path = PreciousMetalsView.swift; sourceTree = "<group>"; };
/* End PBXFileReference section */

/* Begin PBXFileSystemSynchronizedRootGroup section */
		C32E9DF62F71BA8400EA20DB /* FinancialApp */ = {
			isa = PBXFileSystemSynchronizedRootGroup;
			path = FinancialApp;
			sourceTree = "<group>";
		};
/* End PBXFileSystemSynchronizedRootGroup section */

/* Begin PBXFrameworksBuildPhase section */
		C32E9DF12F71BA8400EA20DB /* Frameworks */ = {
			isa = PBXFrameworksBuildPhase;
			buildActionMask = 2147483647;
			files = (
				C32E9E0D2F71C1D200EA20DB /* FirebaseAuth in Frameworks */,
				C32E9E0F2F71C1D200EA20DB /* FirebaseFirestore in Frameworks */,
			);
			runOnlyForDeploymentPostprocessing = 0;
		};
/* End PBXFrameworksBuildPhase section */

/* Begin PBXGroup section */
		C32E9DEB2F71BA8400EA20DB = {
			isa = PBXGroup;
			children = (
				C368061D2F916D70005ED9C2 /* Secrets.swift */,
				C32E9E062F71BB5500EA20DB /* Utilities */,
				C32E9E052F71BB4800EA20DB /* Services */,
				C32E9E042F71BB3700EA20DB /* Views */,
				C32E9E032F71BB1E00EA20DB /* ViewModels */,
				C32E9E022F71BB0900EA20DB /* Models */,
				C32E9DF62F71BA8400EA20DB /* FinancialApp */,
				C32E9E102F71C52800EA20DB /* FinancialApp.app */,
			);
			sourceTree = "<group>";
		};
		C32E9E022F71BB0900EA20DB /* Models */ = {
			isa = PBXGroup;
			children = (
				C32E9E1F2F71D31C00EA20DB /* Currency.swift */,
			);
			path = Models;
			sourceTree = "<group>";
		};
		C32E9E032F71BB1E00EA20DB /* ViewModels */ = {
			isa = PBXGroup;
			children = (
				C32E9E1B2F71C83F00EA20DB /* AuthViewModel.swift */,
				C32E9E232F71D46000EA20DB /* MarketViewModel.swift */,
				C32E9E272F71D9A400EA20DB /* PortfolioViewModel.swift */,
				C3C134442F7FD70D0077124A /* CalculatorViewModel.swift */,
			);
			path = ViewModels;
			sourceTree = "<group>";
		};
		C32E9E042F71BB3700EA20DB /* Views */ = {
			isa = PBXGroup;
			children = (
				C32E9DF92F71BA8400EA20DB /* ContentView.swift */,
				C32E9E172F71C60400EA20DB /* LoginView.swift */,
				C32E9E1D2F71D10A00EA20DB /* DashboardView.swift */,
				C32E9E292F71DCAA00EA20DB /* TradeView.swift */,
				C3C134402F7FD55C0077124A /* CalculatorView.swift */,
				C3C134422F7FD57F0077124A /* MainTabView.swift */,
				C3C134462F7FDFFB0077124A /* SplashView.swift */,
				C3C134482F7FE3760077124A /* HomeView.swift */,
				C3C1344A2F7FE3CE0077124A /* PreciousMetalsView.swift */,
				C39C7C492F8D673A0016E358 /* DepositView.swift */,
			);
			path = Views;
			sourceTree = "<group>";
		};
		C32E9E052F71BB4800EA20DB /* Services */ = {
			isa = PBXGroup;
			children = (
				C32E9E192F71C7FE00EA20DB /* AuthService.swift */,
				C32E9E212F71D39F00EA20DB /* MarketDataService.swift */,
				C32E9E252F71D97300EA20DB /* PortfolioService.swift */,
			);
			path = Services;
			sourceTree = "<group>";
		};
		C32E9E062F71BB5500EA20DB /* Utilities */ = {
			isa = PBXGroup;
			children = (
			);
			path = Utilities;
			sourceTree = "<group>";
		};
/* End PBXGroup section */

/* Begin PBXNativeTarget section */
		C32E9DF32F71BA8400EA20DB /* FinancialApp */ = {
			isa = PBXNativeTarget;
			buildConfigurationList = C32E9DFF2F71BA8500EA20DB /* Build configuration list for PBXNativeTarget "FinancialApp" */;
			buildPhases = (
				C32E9DF02F71BA8400EA20DB /* Sources */,
				C32E9DF12F71BA8400EA20DB /* Frameworks */,
				C32E9DF22F71BA8400EA20DB /* Resources */,
			);
			buildRules = (
			);
			dependencies = (
			);
			fileSystemSynchronizedGroups = (
				C32E9DF62F71BA8400EA20DB /* FinancialApp */,
			);
			name = FinancialApp;
			packageProductDependencies = (
				C32E9E0C2F71C1D200EA20DB /* FirebaseAuth */,
				C32E9E0E2F71C1D200EA20DB /* FirebaseFirestore */,
			);
			productName = FinancialApp;
			productReference = C32E9E102F71C52800EA20DB /* FinancialApp.app */;
			productType = "com.apple.product-type.application";
		};
/* End PBXNativeTarget section */

/* Begin PBXProject section */
		C32E9DEC2F71BA8400EA20DB /* Project object */ = {
			isa = PBXProject;
			attributes = {
				BuildIndependentTargetsInParallel = 1;
				LastSwiftUpdateCheck = 2630;
				LastUpgradeCheck = 2640;
				TargetAttributes = {
					C32E9DF32F71BA8400EA20DB = {
						CreatedOnToolsVersion = 26.3;
					};
				};
			};
			buildConfigurationList = C32E9DEF2F71BA8400EA20DB /* Build configuration list for PBXProject "FinancialApp" */;
			developmentRegion = tr;
			hasScannedForEncodings = 0;
			knownRegions = (
				en,
				Base,
				tr,
			);
			mainGroup = C32E9DEB2F71BA8400EA20DB;
			minimizedProjectReferenceProxies = 1;
			packageReferences = (
				C32E9E0B2F71C1D200EA20DB /* XCRemoteSwiftPackageReference "firebase-ios-sdk" */,
			);
			preferredProjectObjectVersion = 77;
			productRefGroup = C32E9DEB2F71BA8400EA20DB;
			projectDirPath = "";
			projectRoot = "";
			targets = (
				C32E9DF32F71BA8400EA20DB /* FinancialApp */,
			);
		};
/* End PBXProject section */

/* Begin PBXResourcesBuildPhase section */
		C32E9DF22F71BA8400EA20DB /* Resources */ = {
			isa = PBXResourcesBuildPhase;
			buildActionMask = 2147483647;
			files = (
			);
			runOnlyForDeploymentPostprocessing = 0;
		};
/* End PBXResourcesBuildPhase section */

/* Begin PBXSourcesBuildPhase section */
		C32E9DF02F71BA8400EA20DB /* Sources */ = {
			isa = PBXSourcesBuildPhase;
			buildActionMask = 2147483647;
			files = (
				C32E9E1C2F71C83F00EA20DB /* AuthViewModel.swift in Sources */,
				C368061E2F916D70005ED9C2 /* Secrets.swift in Sources */,
				C3C134472F7FDFFB0077124A /* SplashView.swift in Sources */,
				C32E9E222F71D39F00EA20DB /* MarketDataService.swift in Sources */,
				C32E9E242F71D46000EA20DB /* MarketViewModel.swift in Sources */,
				C32E9E1E2F71D10A00EA20DB /* DashboardView.swift in Sources */,
				C3C134492F7FE3760077124A /* HomeView.swift in Sources */,
				C3C134452F7FD70D0077124A /* CalculatorViewModel.swift in Sources */,
				C32E9E182F71C60400EA20DB /* LoginView.swift in Sources */,
				C32E9DFA2F71BA8400EA20DB /* ContentView.swift in Sources */,
				C32E9E262F71D97300EA20DB /* PortfolioService.swift in Sources */,
				C32E9E202F71D31C00EA20DB /* Currency.swift in Sources */,
				C32E9E2A2F71DCAA00EA20DB /* TradeView.swift in Sources */,
				C39C7C4A2F8D673A0016E358 /* DepositView.swift in Sources */,
				C32E9E1A2F71C7FE00EA20DB /* AuthService.swift in Sources */,
				C3C134412F7FD55C0077124A /* CalculatorView.swift in Sources */,
				C3C1344B2F7FE3CE0077124A /* PreciousMetalsView.swift in Sources */,
				C3C134432F7FD57F0077124A /* MainTabView.swift in Sources */,
				C32E9E282F71D9A400EA20DB /* PortfolioViewModel.swift in Sources */,
			);
			runOnlyForDeploymentPostprocessing = 0;
		};
/* End PBXSourcesBuildPhase section */

/* Begin XCBuildConfiguration section */
		C32E9DFD2F71BA8500EA20DB /* Debug */ = {
			isa = XCBuildConfiguration;
			buildSettings = {
				ALWAYS_SEARCH_USER_PATHS = NO;
				ASSETCATALOG_COMPILER_GENERATE_SWIFT_ASSET_SYMBOL_EXTENSIONS = YES;
				CLANG_ANALYZER_NONNULL = YES;
				CLANG_ANALYZER_NUMBER_OBJECT_CONVERSION = YES_AGGRESSIVE;
				CLANG_CXX_LANGUAGE_STANDARD = "gnu++20";
				CLANG_ENABLE_MODULES = YES;
				CLANG_ENABLE_OBJC_ARC = YES;
				CLANG_ENABLE_OBJC_WEAK = YES;
				CLANG_WARN_BLOCK_CAPTURE_AUTORELEASING = YES;
				CLANG_WARN_BOOL_CONVERSION = YES;
				CLANG_WARN_COMMA = YES;
				CLANG_WARN_CONSTANT_CONVERSION = YES;
				CLANG_WARN_DEPRECATED_OBJC_IMPLEMENTATIONS = YES;
				CLANG_WARN_DIRECT_OBJC_ISA_USAGE = YES_ERROR;
				CLANG_WARN_DOCUMENTATION_COMMENTS = YES;
				CLANG_WARN_EMPTY_BODY = YES;
				CLANG_WARN_ENUM_CONVERSION = YES;
				CLANG_WARN_INFINITE_RECURSION = YES;
				CLANG_WARN_INT_CONVERSION = YES;
				CLANG_WARN_NON_LITERAL_NULL_CONVERSION = YES;
				CLANG_WARN_OBJC_IMPLICIT_RETAIN_SELF = YES;
				CLANG_WARN_OBJC_LITERAL_CONVERSION = YES;
				CLANG_WARN_OBJC_ROOT_CLASS = YES_ERROR;
				CLANG_WARN_QUOTED_INCLUDE_IN_FRAMEWORK_HEADER = YES;
				CLANG_WARN_RANGE_LOOP_ANALYSIS = YES;
				CLANG_WARN_STRICT_PROTOTYPES = YES;
				CLANG_WARN_SUSPICIOUS_MOVE = YES;
				CLANG_WARN_UNGUARDED_AVAILABILITY = YES_AGGRESSIVE;
				CLANG_WARN_UNREACHABLE_CODE = YES;
				CLANG_WARN__DUPLICATE_METHOD_MATCH = YES;
				COPY_PHASE_STRIP = NO;
				DEBUG_INFORMATION_FORMAT = dwarf;
				DEVELOPMENT_TEAM = F3958DTYU3;
				ENABLE_STRICT_OBJC_MSGSEND = YES;
				ENABLE_TESTABILITY = YES;
				ENABLE_USER_SCRIPT_SANDBOXING = YES;
				GCC_C_LANGUAGE_STANDARD = gnu17;
				GCC_DYNAMIC_NO_PIC = NO;
				GCC_NO_COMMON_BLOCKS = YES;
				GCC_OPTIMIZATION_LEVEL = 0;
				GCC_PREPROCESSOR_DEFINITIONS = (
					"DEBUG=1",
					"$(inherited)",
				);
				GCC_WARN_64_TO_32_BIT_CONVERSION = YES;
				GCC_WARN_ABOUT_RETURN_TYPE = YES_ERROR;
				GCC_WARN_UNDECLARED_SELECTOR = YES;
				GCC_WARN_UNINITIALIZED_AUTOS = YES_AGGRESSIVE;
				GCC_WARN_UNUSED_FUNCTION = YES;
				GCC_WARN_UNUSED_VARIABLE = YES;
				IPHONEOS_DEPLOYMENT_TARGET = 26.2;
				LOCALIZATION_PREFERS_STRING_CATALOGS = YES;
				MTL_ENABLE_DEBUG_INFO = INCLUDE_SOURCE;
				MTL_FAST_MATH = YES;
				ONLY_ACTIVE_ARCH = YES;
				SDKROOT = iphoneos;
				STRING_CATALOG_GENERATE_SYMBOLS = YES;
				SWIFT_ACTIVE_COMPILATION_CONDITIONS = "DEBUG $(inherited)";
				SWIFT_OPTIMIZATION_LEVEL = "-Onone";
			};
			name = Debug;
		};
		C32E9DFE2F71BA8500EA20DB /* Release */ = {
			isa = XCBuildConfiguration;
			buildSettings = {
				ALWAYS_SEARCH_USER_PATHS = NO;
				ASSETCATALOG_COMPILER_GENERATE_SWIFT_ASSET_SYMBOL_EXTENSIONS = YES;
				CLANG_ANALYZER_NONNULL = YES;
				CLANG_ANALYZER_NUMBER_OBJECT_CONVERSION = YES_AGGRESSIVE;
				CLANG_CXX_LANGUAGE_STANDARD = "gnu++20";
				CLANG_ENABLE_MODULES = YES;
				CLANG_ENABLE_OBJC_ARC = YES;
				CLANG_ENABLE_OBJC_WEAK = YES;
				CLANG_WARN_BLOCK_CAPTURE_AUTORELEASING = YES;
				CLANG_WARN_BOOL_CONVERSION = YES;
				CLANG_WARN_COMMA = YES;
				CLANG_WARN_CONSTANT_CONVERSION = YES;
				CLANG_WARN_DEPRECATED_OBJC_IMPLEMENTATIONS = YES;
				CLANG_WARN_DIRECT_OBJC_ISA_USAGE = YES_ERROR;
				CLANG_WARN_DOCUMENTATION_COMMENTS = YES;
				CLANG_WARN_EMPTY_BODY = YES;
				CLANG_WARN_ENUM_CONVERSION = YES;
				CLANG_WARN_INFINITE_RECURSION = YES;
				CLANG_WARN_INT_CONVERSION = YES;
				CLANG_WARN_NON_LITERAL_NULL_CONVERSION = YES;
				CLANG_WARN_OBJC_IMPLICIT_RETAIN_SELF = YES;
				CLANG_WARN_OBJC_LITERAL_CONVERSION = YES;
				CLANG_WARN_OBJC_ROOT_CLASS = YES_ERROR;
				CLANG_WARN_QUOTED_INCLUDE_IN_FRAMEWORK_HEADER = YES;
				CLANG_WARN_RANGE_LOOP_ANALYSIS = YES;
				CLANG_WARN_STRICT_PROTOTYPES = YES;
				CLANG_WARN_SUSPICIOUS_MOVE = YES;
				CLANG_WARN_UNGUARDED_AVAILABILITY = YES_AGGRESSIVE;
				CLANG_WARN_UNREACHABLE_CODE = YES;
				CLANG_WARN__DUPLICATE_METHOD_MATCH = YES;
				COPY_PHASE_STRIP = NO;
				DEBUG_INFORMATION_FORMAT = "dwarf-with-dsym";
				DEVELOPMENT_TEAM = F3958DTYU3;
				ENABLE_NS_ASSERTIONS = NO;
				ENABLE_STRICT_OBJC_MSGSEND = YES;
				ENABLE_USER_SCRIPT_SANDBOXING = YES;
				GCC_C_LANGUAGE_STANDARD = gnu17;
				GCC_NO_COMMON_BLOCKS = YES;
				GCC_WARN_64_TO_32_BIT_CONVERSION = YES;
				GCC_WARN_ABOUT_RETURN_TYPE = YES_ERROR;
				GCC_WARN_UNDECLARED_SELECTOR = YES;
				GCC_WARN_UNINITIALIZED_AUTOS = YES_AGGRESSIVE;
				GCC_WARN_UNUSED_FUNCTION = YES;
				GCC_WARN_UNUSED_VARIABLE = YES;
				IPHONEOS_DEPLOYMENT_TARGET = 26.2;
				LOCALIZATION_PREFERS_STRING_CATALOGS = YES;
				MTL_ENABLE_DEBUG_INFO = NO;
				MTL_FAST_MATH = YES;
				SDKROOT = iphoneos;
				STRING_CATALOG_GENERATE_SYMBOLS = YES;
				SWIFT_COMPILATION_MODE = wholemodule;
				VALIDATE_PRODUCT = YES;
			};
			name = Release;
		};
		C32E9E002F71BA8500EA20DB /* Debug */ = {
			isa = XCBuildConfiguration;
			buildSettings = {
				ASSETCATALOG_COMPILER_APPICON_NAME = AppIcon;
				ASSETCATALOG_COMPILER_GLOBAL_ACCENT_COLOR_NAME = AccentColor;
				CODE_SIGN_STYLE = Automatic;
				CURRENT_PROJECT_VERSION = 1;
				DEVELOPMENT_TEAM = F3958DTYU3;
				ENABLE_PREVIEWS = YES;
				GENERATE_INFOPLIST_FILE = YES;
				INFOPLIST_KEY_LSApplicationCategoryType = "public.app-category.finance";
				INFOPLIST_KEY_UIApplicationSceneManifest_Generation = YES;
				INFOPLIST_KEY_UIApplicationSupportsIndirectInputEvents = YES;
				INFOPLIST_KEY_UILaunchScreen_Generation = YES;
				INFOPLIST_KEY_UISupportedInterfaceOrientations_iPad = "UIInterfaceOrientationPortrait UIInterfaceOrientationPortraitUpsideDown UIInterfaceOrientationLandscapeLeft UIInterfaceOrientationLandscapeRight";
				INFOPLIST_KEY_UISupportedInterfaceOrientations_iPhone = "UIInterfaceOrientationPortrait UIInterfaceOrientationLandscapeLeft UIInterfaceOrientationLandscapeRight";
				IPHONEOS_DEPLOYMENT_TARGET = 26.2;
				LD_RUNPATH_SEARCH_PATHS = (
					"$(inherited)",
					"@executable_path/Frameworks",
				);
				MARKETING_VERSION = 1.0;
				PRODUCT_BUNDLE_IDENTIFIER = com.emrecan33.FinancialApp;
				PRODUCT_NAME = "$(TARGET_NAME)";
				STRING_CATALOG_GENERATE_SYMBOLS = YES;
				SWIFT_APPROACHABLE_CONCURRENCY = YES;
				SWIFT_DEFAULT_ACTOR_ISOLATION = MainActor;
				SWIFT_EMIT_LOC_STRINGS = YES;
				SWIFT_UPCOMING_FEATURE_MEMBER_IMPORT_VISIBILITY = YES;
				SWIFT_VERSION = 5.0;
				TARGETED_DEVICE_FAMILY = "1,2";
			};
			name = Debug;
		};
		C32E9E012F71BA8500EA20DB /* Release */ = {
			isa = XCBuildConfiguration;
			buildSettings = {
				ASSETCATALOG_COMPILER_APPICON_NAME = AppIcon;
				ASSETCATALOG_COMPILER_GLOBAL_ACCENT_COLOR_NAME = AccentColor;
				CODE_SIGN_STYLE = Automatic;
				CURRENT_PROJECT_VERSION = 1;
				DEVELOPMENT_TEAM = F3958DTYU3;
				ENABLE_PREVIEWS = YES;
				GENERATE_INFOPLIST_FILE = YES;
				INFOPLIST_KEY_LSApplicationCategoryType = "public.app-category.finance";
				INFOPLIST_KEY_UIApplicationSceneManifest_Generation = YES;
				INFOPLIST_KEY_UIApplicationSupportsIndirectInputEvents = YES;
				INFOPLIST_KEY_UILaunchScreen_Generation = YES;
				INFOPLIST_KEY_UISupportedInterfaceOrientations_iPad = "UIInterfaceOrientationPortrait UIInterfaceOrientationPortraitUpsideDown UIInterfaceOrientationLandscapeLeft UIInterfaceOrientationLandscapeRight";
				INFOPLIST_KEY_UISupportedInterfaceOrientations_iPhone = "UIInterfaceOrientationPortrait UIInterfaceOrientationLandscapeLeft UIInterfaceOrientationLandscapeRight";
				IPHONEOS_DEPLOYMENT_TARGET = 26.2;
				LD_RUNPATH_SEARCH_PATHS = (
					"$(inherited)",
					"@executable_path/Frameworks",
				);
				MARKETING_VERSION = 1.0;
				PRODUCT_BUNDLE_IDENTIFIER = com.emrecan33.FinancialApp;
				PRODUCT_NAME = "$(TARGET_NAME)";
				STRING_CATALOG_GENERATE_SYMBOLS = YES;
				SWIFT_APPROACHABLE_CONCURRENCY = YES;
				SWIFT_DEFAULT_ACTOR_ISOLATION = MainActor;
				SWIFT_EMIT_LOC_STRINGS = YES;
				SWIFT_UPCOMING_FEATURE_MEMBER_IMPORT_VISIBILITY = YES;
				SWIFT_VERSION = 5.0;
				TARGETED_DEVICE_FAMILY = "1,2";
			};
			name = Release;
		};
/* End XCBuildConfiguration section */

/* Begin XCConfigurationList section */
		C32E9DEF2F71BA8400EA20DB /* Build configuration list for PBXProject "FinancialApp" */ = {
			isa = XCConfigurationList;
			buildConfigurations = (
				C32E9DFD2F71BA8500EA20DB /* Debug */,
				C32E9DFE2F71BA8500EA20DB /* Release */,
			);
			defaultConfigurationIsVisible = 0;
			defaultConfigurationName = Release;
		};
		C32E9DFF2F71BA8500EA20DB /* Build configuration list for PBXNativeTarget "FinancialApp" */ = {
			isa = XCConfigurationList;
			buildConfigurations = (
				C32E9E002F71BA8500EA20DB /* Debug */,
				C32E9E012F71BA8500EA20DB /* Release */,
			);
			defaultConfigurationIsVisible = 0;
			defaultConfigurationName = Release;
		};
/* End XCConfigurationList section */

/* Begin XCRemoteSwiftPackageReference section */
		C32E9E0B2F71C1D200EA20DB /* XCRemoteSwiftPackageReference "firebase-ios-sdk" */ = {
			isa = XCRemoteSwiftPackageReference;
			repositoryURL = "https://github.com/firebase/firebase-ios-sdk";
			requirement = {
				kind = upToNextMajorVersion;
				minimumVersion = 12.11.0;
			};
		};
/* End XCRemoteSwiftPackageReference section */

/* Begin XCSwiftPackageProductDependency section */
		C32E9E0C2F71C1D200EA20DB /* FirebaseAuth */ = {
			isa = XCSwiftPackageProductDependency;
			package = C32E9E0B2F71C1D200EA20DB /* XCRemoteSwiftPackageReference "firebase-ios-sdk" */;
			productName = FirebaseAuth;
		};
		C32E9E0E2F71C1D200EA20DB /* FirebaseFirestore */ = {
			isa = XCSwiftPackageProductDependency;
			package = C32E9E0B2F71C1D200EA20DB /* XCRemoteSwiftPackageReference "firebase-ios-sdk" */;
			productName = FirebaseFirestore;
		};
/* End XCSwiftPackageProductDependency section */
	};
	rootObject = C32E9DEC2F71BA8400EA20DB /* Project object */;
}
